
Microsoft Visual Studio Solution File, Format Version 12.00
# Visual Studio Version 16
VisualStudioVersion = 16.0.28803.156
MinimumVisualStudioVersion = 10.0.40219.1
Project("{FAE04EC0-301F-11D3-BF4B-00C04F79EFBC}") = "DiceRoll", "DiceRoll\DiceRoll.csproj", "{02CD65CC-A3DF-4EB1-B4F1-5D62EF61E20B}"
EndProject
Global
	GlobalSection(SolutionConfigurationPlatforms) = preSolution
		Debug|Any CPU = Debug|Any CPU
		Release|Any CPU = Release|Any CPU
	EndGlobalSection
	GlobalSection(ProjectConfigurationPlatforms) = postSolution
		{02CD65CC-A3DF-4EB1-B4F1-5D62EF61E20B}.Debug|Any CPU.ActiveCfg = Debug|Any CPU
		{02CD65CC-A3DF-4EB1-B4F1-5D62EF61E20B}.Debug|Any CPU.Build.0 = Debug|Any CPU
		{02CD65CC-A3DF-4EB1-B4F1-5D62EF61E20B}.Release|Any CPU.ActiveCfg = Release|Any CPU
		{02CD65CC-A3DF-4EB1-B4F1-5D62EF61E20B}.Release|Any CPU.Build.0 = Release|Any CPU
	EndGlobalSection
	GlobalSection(SolutionProperties) = preSolution
		HideSolutionNode = FALSE
	EndGlobalSection
	GlobalSection(ExtensibilityGlobals) = postSolution
		SolutionGuid = {88EB1A45-3031-476F-9A31-9F2E19212B6A}
	EndGlobalSection
EndGlobal
